
Microsoft Visual Studio Solution File, Format Version 12.00
# Visual Studio Version 17
VisualStudioVersion = 17.8.34511.84
MinimumVisualStudioVersion = 10.0.40219.1
Project("{FAE04EC0-301F-11D3-BF4B-00C04F79EFBC}") = "ATV2-3_CJ3022234", "ATV2-3_CJ3022234\ATV2-3_CJ3022234.csproj", "{29CF09EE-CEEB-424C-B8F7-1DF0F699B8CF}"
EndProject
Global
	GlobalSection(SolutionConfigurationPlatforms) = preSolution
		Debug|Any CPU = Debug|Any CPU
		Release|Any CPU = Release|Any CPU
	EndGlobalSection
	GlobalSection(ProjectConfigurationPlatforms) = postSolution
		{29CF09EE-CEEB-424C-B8F7-1DF0F699B8CF}.Debug|Any CPU.ActiveCfg = Debug|Any CPU
		{29CF09EE-CEEB-424C-B8F7-1DF0F699B8CF}.Debug|Any CPU.Build.0 = Debug|Any CPU
		{29CF09EE-CEEB-424C-B8F7-1DF0F699B8CF}.Release|Any CPU.ActiveCfg = Release|Any CPU
		{29CF09EE-CEEB-424C-B8F7-1DF0F699B8CF}.Release|Any CPU.Build.0 = Release|Any CPU
	EndGlobalSection
	GlobalSection(SolutionProperties) = preSolution
		HideSolutionNode = FALSE
	EndGlobalSection
	GlobalSection(ExtensibilityGlobals) = postSolution
		SolutionGuid = {64A32599-8D76-49B4-93E6-CEC54159B738}
	EndGlobalSection
EndGlobal
